
Microsoft Visual Studio Solution File, Format Version 12.00
# Visual Studio Version 16
VisualStudioVersion = 16.0.30621.155
MinimumVisualStudioVersion = 10.0.40219.1
Project("{2150E333-8FDC-42A3-9474-1A3956D46DE8}") = "Solution Items", "Solution Items", "{B1A63EAF-7900-4734-B538-C3A15236D824}"
	ProjectSection(SolutionItems) = preProject
		README.md = README.md
	EndProjectSection
EndProject
Project("{8BC9CEB8-8B4A-11D0-8D11-00A0C91BC942}") = "01.FactoryPattern", "01.FactoryPattern\FactoryPattern.vcxproj", "{832375CF-BEEF-4495-83B7-88166EC9F1C8}"
EndProject
Project("{8BC9CEB8-8B4A-11D0-8D11-00A0C91BC942}") = "02.SingletonPattern", "02.SingletonPattern\SingletonPattern.vcxproj", "{A1B9D552-F97B-4F98-BD89-5B3EA989CF68}"
EndProject
Project("{8BC9CEB8-8B4A-11D0-8D11-00A0C91BC942}") = "03.FactoryMethodPattern", "03.FactoryMethodPattern\FactoryMethodPattern.vcxproj", "{DFFB48E6-274E-47ED-B858-0A9A6EE0B199}"
EndProject
Project("{8BC9CEB8-8B4A-11D0-8D11-00A0C91BC942}") = "04.AbstractFactory", "04.AbstractFactory\AbstractFactory.vcxproj", "{6A152A12-E04D-491C-A9E5-6B88DA480648}"
EndProject
Project("{8BC9CEB8-8B4A-11D0-8D11-00A0C91BC942}") = "05.BuilderPattern", "05.BuilderPattern\BuilderPattern.vcxproj", "{E93CFCDD-39D3-4D03-8F2B-197F2687989F}"
EndProject
Project("{8BC9CEB8-8B4A-11D0-8D11-00A0C91BC942}") = "06.Prototype", "06.Prototype\Prototype.vcxproj", "{B177821A-12AB-4789-A3FC-C8B1C389A051}"
EndProject
Project("{8BC9CEB8-8B4A-11D0-8D11-00A0C91BC942}") = "07.Adaptor", "07.Adaptor\Adaptor.vcxproj", "{862B158C-882D-45E8-A6DF-231326B02C2F}"
EndProject
Project("{8BC9CEB8-8B4A-11D0-8D11-00A0C91BC942}") = "08.Bridge", "08.Bridge\Bridge.vcxproj", "{E4CE666D-59CD-4547-BC1B-B68F060B1700}"
EndProject
Project("{8BC9CEB8-8B4A-11D0-8D11-00A0C91BC942}") = "10.Decorator", "10.Decorator\10.Decorator.vcxproj", "{2628ECC7-D27A-426F-B0F9-925C9A9C6BEB}"
EndProject
Project("{8BC9CEB8-8B4A-11D0-8D11-00A0C91BC942}") = "09.Composite", "09.Composite\Composite.vcxproj", "{2927ABBD-5CD0-4C91-9E8B-35B977BB1D41}"
EndProject
Project("{8BC9CEB8-8B4A-11D0-8D11-00A0C91BC942}") = "11.Facade", "11.Facade\11.Facade.vcxproj", "{76DB93ED-BA58-4828-B04A-124D5CB736CA}"
EndProject
Project("{8BC9CEB8-8B4A-11D0-8D11-00A0C91BC942}") = "12.Flyweight", "12.Flyweight\12.Flyweight.vcxproj", "{8A35E7F5-DD37-4384-B39C-7A53C1C515BF}"
EndProject
Project("{8BC9CEB8-8B4A-11D0-8D11-00A0C91BC942}") = "13.Proxy", "13.Proxy\13.Proxy.vcxproj", "{FF4F4068-59EF-4A3A-A3FF-B155C42D6650}"
EndProject
Project("{8BC9CEB8-8B4A-11D0-8D11-00A0C91BC942}") = "14.Iterator", "14.Iterator\14.Iterator.vcxproj", "{768EF2CA-E464-4337-9601-F02D7CBC4975}"
EndProject
Project("{8BC9CEB8-8B4A-11D0-8D11-00A0C91BC942}") = "15.Command", "15.Command\15.Command.vcxproj", "{171362FE-57DD-457C-A2B5-04D74966C6C4}"
EndProject
Project("{8BC9CEB8-8B4A-11D0-8D11-00A0C91BC942}") = "16.Visitor", "16.Visitor\16.Visitor.vcxproj", "{BEF3052E-925F-49A7-9993-120C11B0098A}"
EndProject
Project("{8BC9CEB8-8B4A-11D0-8D11-00A0C91BC942}") = "17.Chain", "17.Chain\17.Chain.vcxproj", "{AFAC5BC1-380A-4241-9D1B-688CA7502638}"
EndProject
Project("{8BC9CEB8-8B4A-11D0-8D11-00A0C91BC942}") = "18.Observer", "18.Observer\18.Observer.vcxproj", "{E302DAC1-55A4-4A19-ADE0-5C63CD979021}"
EndProject
Project("{8BC9CEB8-8B4A-11D0-8D11-00A0C91BC942}") = "19.Mediator", "19.Mediator\19.Mediator.vcxproj", "{6BE1C561-8419-46E4-9C0C-D41EFA056F99}"
EndProject
Project("{8BC9CEB8-8B4A-11D0-8D11-00A0C91BC942}") = "20.State", "20.State\20.State.vcxproj", "{930BA40E-58E5-4DA8-8604-A19303E64C41}"
EndProject
Global
	GlobalSection(SolutionConfigurationPlatforms) = preSolution
		Debug|x64 = Debug|x64
		Debug|x86 = Debug|x86
		Release|x64 = Release|x64
		Release|x86 = Release|x86
	EndGlobalSection
	GlobalSection(ProjectConfigurationPlatforms) = postSolution
		{832375CF-BEEF-4495-83B7-88166EC9F1C8}.Debug|x64.ActiveCfg = Debug|x64
		{832375CF-BEEF-4495-83B7-88166EC9F1C8}.Debug|x64.Build.0 = Debug|x64
		{832375CF-BEEF-4495-83B7-88166EC9F1C8}.Debug|x86.ActiveCfg = Debug|Win32
		{832375CF-BEEF-4495-83B7-88166EC9F1C8}.Debug|x86.Build.0 = Debug|Win32
		{832375CF-BEEF-4495-83B7-88166EC9F1C8}.Release|x64.ActiveCfg = Release|x64
		{832375CF-BEEF-4495-83B7-88166EC9F1C8}.Release|x64.Build.0 = Release|x64
		{832375CF-BEEF-4495-83B7-88166EC9F1C8}.Release|x86.ActiveCfg = Release|Win32
		{832375CF-BEEF-4495-83B7-88166EC9F1C8}.Release|x86.Build.0 = Release|Win32
		{A1B9D552-F97B-4F98-BD89-5B3EA989CF68}.Debug|x64.ActiveCfg = Debug|x64
		{A1B9D552-F97B-4F98-BD89-5B3EA989CF68}.Debug|x64.Build.0 = Debug|x64
		{A1B9D552-F97B-4F98-BD89-5B3EA989CF68}.Debug|x86.ActiveCfg = Debug|Win32
		{A1B9D552-F97B-4F98-BD89-5B3EA989CF68}.Debug|x86.Build.0 = Debug|Win32
		{A1B9D552-F97B-4F98-BD89-5B3EA989CF68}.Release|x64.ActiveCfg = Release|x64
		{A1B9D552-F97B-4F98-BD89-5B3EA989CF68}.Release|x64.Build.0 = Release|x64
		{A1B9D552-F97B-4F98-BD89-5B3EA989CF68}.Release|x86.ActiveCfg = Release|Win32
		{A1B9D552-F97B-4F98-BD89-5B3EA989CF68}.Release|x86.Build.0 = Release|Win32
		{DFFB48E6-274E-47ED-B858-0A9A6EE0B199}.Debug|x64.ActiveCfg = Debug|x64
		{DFFB48E6-274E-47ED-B858-0A9A6EE0B199}.Debug|x64.Build.0 = Debug|x64
		{DFFB48E6-274E-47ED-B858-0A9A6EE0B199}.Debug|x86.ActiveCfg = Debug|Win32
		{DFFB48E6-274E-47ED-B858-0A9A6EE0B199}.Debug|x86.Build.0 = Debug|Win32
		{DFFB48E6-274E-47ED-B858-0A9A6EE0B199}.Release|x64.ActiveCfg = Release|x64
		{DFFB48E6-274E-47ED-B858-0A9A6EE0B199}.Release|x64.Build.0 = Release|x64
		{DFFB48E6-274E-47ED-B858-0A9A6EE0B199}.Release|x86.ActiveCfg = Release|Win32
		{DFFB48E6-274E-47ED-B858-0A9A6EE0B199}.Release|x86.Build.0 = Release|Win32
		{6A152A12-E04D-491C-A9E5-6B88DA480648}.Debug|x64.ActiveCfg = Debug|x64
		{6A152A12-E04D-491C-A9E5-6B88DA480648}.Debug|x64.Build.0 = Debug|x64
		{6A152A12-E04D-491C-A9E5-6B88DA480648}.Debug|x86.ActiveCfg = Debug|Win32
		{6A152A12-E04D-491C-A9E5-6B88DA480648}.Debug|x86.Build.0 = Debug|Win32
		{6A152A12-E04D-491C-A9E5-6B88DA480648}.Release|x64.ActiveCfg = Release|x64
		{6A152A12-E04D-491C-A9E5-6B88DA480648}.Release|x64.Build.0 = Release|x64
		{6A152A12-E04D-491C-A9E5-6B88DA480648}.Release|x86.ActiveCfg = Release|Win32
		{6A152A12-E04D-491C-A9E5-6B88DA480648}.Release|x86.Build.0 = Release|Win32
		{E93CFCDD-39D3-4D03-8F2B-197F2687989F}.Debug|x64.ActiveCfg = Debug|x64
		{E93CFCDD-39D3-4D03-8F2B-197F2687989F}.Debug|x64.Build.0 = Debug|x64
		{E93CFCDD-39D3-4D03-8F2B-197F2687989F}.Debug|x86.ActiveCfg = Debug|Win32
		{E93CFCDD-39D3-4D03-8F2B-197F2687989F}.Debug|x86.Build.0 = Debug|Win32
		{E93CFCDD-39D3-4D03-8F2B-197F2687989F}.Release|x64.ActiveCfg = Release|x64
		{E93CFCDD-39D3-4D03-8F2B-197F2687989F}.Release|x64.Build.0 = Release|x64
		{E93CFCDD-39D3-4D03-8F2B-197F2687989F}.Release|x86.ActiveCfg = Release|Win32
		{E93CFCDD-39D3-4D03-8F2B-197F2687989F}.Release|x86.Build.0 = Release|Win32
		{B177821A-12AB-4789-A3FC-C8B1C389A051}.Debug|x64.ActiveCfg = Debug|x64
		{B177821A-12AB-4789-A3FC-C8B1C389A051}.Debug|x64.Build.0 = Debug|x64
		{B177821A-12AB-4789-A3FC-C8B1C389A051}.Debug|x86.ActiveCfg = Debug|Win32
		{B177821A-12AB-4789-A3FC-C8B1C389A051}.Debug|x86.Build.0 = Debug|Win32
		{B177821A-12AB-4789-A3FC-C8B1C389A051}.Release|x64.ActiveCfg = Release|x64
		{B177821A-12AB-4789-A3FC-C8B1C389A051}.Release|x64.Build.0 = Release|x64
		{B177821A-12AB-4789-A3FC-C8B1C389A051}.Release|x86.ActiveCfg = Release|Win32
		{B177821A-12AB-4789-A3FC-C8B1C389A051}.Release|x86.Build.0 = Release|Win32
		{862B158C-882D-45E8-A6DF-231326B02C2F}.Debug|x64.ActiveCfg = Debug|x64
		{862B158C-882D-45E8-A6DF-231326B02C2F}.Debug|x64.Build.0 = Debug|x64
		{862B158C-882D-45E8-A6DF-231326B02C2F}.Debug|x86.ActiveCfg = Debug|Win32
		{862B158C-882D-45E8-A6DF-231326B02C2F}.Debug|x86.Build.0 = Debug|Win32
		{862B158C-882D-45E8-A6DF-231326B02C2F}.Release|x64.ActiveCfg = Release|x64
		{862B158C-882D-45E8-A6DF-231326B02C2F}.Release|x64.Build.0 = Release|x64
		{862B158C-882D-45E8-A6DF-231326B02C2F}.Release|x86.ActiveCfg = Release|Win32
		{862B158C-882D-45E8-A6DF-231326B02C2F}.Release|x86.Build.0 = Release|Win32
		{E4CE666D-59CD-4547-BC1B-B68F060B1700}.Debug|x64.ActiveCfg = Debug|x64
		{E4CE666D-59CD-4547-BC1B-B68F060B1700}.Debug|x64.Build.0 = Debug|x64
		{E4CE666D-59CD-4547-BC1B-B68F060B1700}.Debug|x86.ActiveCfg = Debug|Win32
		{E4CE666D-59CD-4547-BC1B-B68F060B1700}.Debug|x86.Build.0 = Debug|Win32
		{E4CE666D-59CD-4547-BC1B-B68F060B1700}.Release|x64.ActiveCfg = Release|x64
		{E4CE666D-59CD-4547-BC1B-B68F060B1700}.Release|x64.Build.0 = Release|x64
		{E4CE666D-59CD-4547-BC1B-B68F060B1700}.Release|x86.ActiveCfg = Release|Win32
		{E4CE666D-59CD-4547-BC1B-B68F060B1700}.Release|x86.Build.0 = Release|Win32
		{2628ECC7-D27A-426F-B0F9-925C9A9C6BEB}.Debug|x64.ActiveCfg = Debug|x64
		{2628ECC7-D27A-426F-B0F9-925C9A9C6BEB}.Debug|x64.Build.0 = Debug|x64
		{2628ECC7-D27A-426F-B0F9-925C9A9C6BEB}.Debug|x86.ActiveCfg = Debug|Win32
		{2628ECC7-D27A-426F-B0F9-925C9A9C6BEB}.Debug|x86.Build.0 = Debug|Win32
		{2628ECC7-D27A-426F-B0F9-925C9A9C6BEB}.Release|x64.ActiveCfg = Release|x64
		{2628ECC7-D27A-426F-B0F9-925C9A9C6BEB}.Release|x64.Build.0 = Release|x64
		{2628ECC7-D27A-426F-B0F9-925C9A9C6BEB}.Release|x86.ActiveCfg = Release|Win32
		{2628ECC7-D27A-426F-B0F9-925C9A9C6BEB}.Release|x86.Build.0 = Release|Win32
		{2927ABBD-5CD0-4C91-9E8B-35B977BB1D41}.Debug|x64.ActiveCfg = Debug|x64
		{2927ABBD-5CD0-4C91-9E8B-35B977BB1D41}.Debug|x64.Build.0 = Debug|x64
		{2927ABBD-5CD0-4C91-9E8B-35B977BB1D41}.Debug|x86.ActiveCfg = Debug|Win32
		{2927ABBD-5CD0-4C91-9E8B-35B977BB1D41}.Debug|x86.Build.0 = Debug|Win32
		{2927ABBD-5CD0-4C91-9E8B-35B977BB1D41}.Release|x64.ActiveCfg = Release|x64
		{2927ABBD-5CD0-4C91-9E8B-35B977BB1D41}.Release|x64.Build.0 = Release|x64
		{2927ABBD-5CD0-4C91-9E8B-35B977BB1D41}.Release|x86.ActiveCfg = Release|Win32
		{2927ABBD-5CD0-4C91-9E8B-35B977BB1D41}.Release|x86.Build.0 = Release|Win32
		{76DB93ED-BA58-4828-B04A-124D5CB736CA}.Debug|x64.ActiveCfg = Debug|x64
		{76DB93ED-BA58-4828-B04A-124D5CB736CA}.Debug|x64.Build.0 = Debug|x64
		{76DB93ED-BA58-4828-B04A-124D5CB736CA}.Debug|x86.ActiveCfg = Debug|Win32
		{76DB93ED-BA58-4828-B04A-124D5CB736CA}.Debug|x86.Build.0 = Debug|Win32
		{76DB93ED-BA58-4828-B04A-124D5CB736CA}.Release|x64.ActiveCfg = Release|x64
		{76DB93ED-BA58-4828-B04A-124D5CB736CA}.Release|x64.Build.0 = Release|x64
		{76DB93ED-BA58-4828-B04A-124D5CB736CA}.Release|x86.ActiveCfg = Release|Win32
		{76DB93ED-BA58-4828-B04A-124D5CB736CA}.Release|x86.Build.0 = Release|Win32
		{8A35E7F5-DD37-4384-B39C-7A53C1C515BF}.Debug|x64.ActiveCfg = Debug|x64
		{8A35E7F5-DD37-4384-B39C-7A53C1C515BF}.Debug|x64.Build.0 = Debug|x64
		{8A35E7F5-DD37-4384-B39C-7A53C1C515BF}.Debug|x86.ActiveCfg = Debug|Win32
		{8A35E7F5-DD37-4384-B39C-7A53C1C515BF}.Debug|x86.Build.0 = Debug|Win32
		{8A35E7F5-DD37-4384-B39C-7A53C1C515BF}.Release|x64.ActiveCfg = Release|x64
		{8A35E7F5-DD37-4384-B39C-7A53C1C515BF}.Release|x64.Build.0 = Release|x64
		{8A35E7F5-DD37-4384-B39C-7A53C1C515BF}.Release|x86.ActiveCfg = Release|Win32
		{8A35E7F5-DD37-4384-B39C-7A53C1C515BF}.Release|x86.Build.0 = Release|Win32
		{FF4F4068-59EF-4A3A-A3FF-B155C42D6650}.Debug|x64.ActiveCfg = Debug|x64
		{FF4F4068-59EF-4A3A-A3FF-B155C42D6650}.Debug|x64.Build.0 = Debug|x64
		{FF4F4068-59EF-4A3A-A3FF-B155C42D6650}.Debug|x86.ActiveCfg = Debug|Win32
		{FF4F4068-59EF-4A3A-A3FF-B155C42D6650}.Debug|x86.Build.0 = Debug|Win32
		{FF4F4068-59EF-4A3A-A3FF-B155C42D6650}.Release|x64.ActiveCfg = Release|x64
		{FF4F4068-59EF-4A3A-A3FF-B155C42D6650}.Release|x64.Build.0 = Release|x64
		{FF4F4068-59EF-4A3A-A3FF-B155C42D6650}.Release|x86.ActiveCfg = Release|Win32
		{FF4F4068-59EF-4A3A-A3FF-B155C42D6650}.Release|x86.Build.0 = Release|Win32
		{768EF2CA-E464-4337-9601-F02D7CBC4975}.Debug|x64.ActiveCfg = Debug|x64
		{768EF2CA-E464-4337-9601-F02D7CBC4975}.Debug|x64.Build.0 = Debug|x64
		{768EF2CA-E464-4337-9601-F02D7CBC4975}.Debug|x86.ActiveCfg = Debug|Win32
		{768EF2CA-E464-4337-9601-F02D7CBC4975}.Debug|x86.Build.0 = Debug|Win32
		{768EF2CA-E464-4337-9601-F02D7CBC4975}.Release|x64.ActiveCfg = Release|x64
		{768EF2CA-E464-4337-9601-F02D7CBC4975}.Release|x64.Build.0 = Release|x64
		{768EF2CA-E464-4337-9601-F02D7CBC4975}.Release|x86.ActiveCfg = Release|Win32
		{768EF2CA-E464-4337-9601-F02D7CBC4975}.Release|x86.Build.0 = Release|Win32
		{171362FE-57DD-457C-A2B5-04D74966C6C4}.Debug|x64.ActiveCfg = Debug|x64
		{171362FE-57DD-457C-A2B5-04D74966C6C4}.Debug|x64.Build.0 = Debug|x64
		{171362FE-57DD-457C-A2B5-04D74966C6C4}.Debug|x86.ActiveCfg = Debug|Win32
		{171362FE-57DD-457C-A2B5-04D74966C6C4}.Debug|x86.Build.0 = Debug|Win32
		{171362FE-57DD-457C-A2B5-04D74966C6C4}.Release|x64.ActiveCfg = Release|x64
		{171362FE-57DD-457C-A2B5-04D74966C6C4}.Release|x64.Build.0 = Release|x64
		{171362FE-57DD-457C-A2B5-04D74966C6C4}.Release|x86.ActiveCfg = Release|Win32
		{171362FE-57DD-457C-A2B5-04D74966C6C4}.Release|x86.Build.0 = Release|Win32
		{BEF3052E-925F-49A7-9993-120C11B0098A}.Debug|x64.ActiveCfg = Debug|x64
		{BEF3052E-925F-49A7-9993-120C11B0098A}.Debug|x64.Build.0 = Debug|x64
		{BEF3052E-925F-49A7-9993-120C11B0098A}.Debug|x86.ActiveCfg = Debug|Win32
		{BEF3052E-925F-49A7-9993-120C11B0098A}.Debug|x86.Build.0 = Debug|Win32
		{BEF3052E-925F-49A7-9993-120C11B0098A}.Release|x64.ActiveCfg = Release|x64
		{BEF3052E-925F-49A7-9993-120C11B0098A}.Release|x64.Build.0 = Release|x64
		{BEF3052E-925F-49A7-9993-120C11B0098A}.Release|x86.ActiveCfg = Release|Win32
		{BEF3052E-925F-49A7-9993-120C11B0098A}.Release|x86.Build.0 = Release|Win32
		{AFAC5BC1-380A-4241-9D1B-688CA7502638}.Debug|x64.ActiveCfg = Debug|x64
		{AFAC5BC1-380A-4241-9D1B-688CA7502638}.Debug|x64.Build.0 = Debug|x64
		{AFAC5BC1-380A-4241-9D1B-688CA7502638}.Debug|x86.ActiveCfg = Debug|Win32
		{AFAC5BC1-380A-4241-9D1B-688CA7502638}.Debug|x86.Build.0 = Debug|Win32
		{AFAC5BC1-380A-4241-9D1B-688CA7502638}.Release|x64.ActiveCfg = Release|x64
		{AFAC5BC1-380A-4241-9D1B-688CA7502638}.Release|x64.Build.0 = Release|x64
		{AFAC5BC1-380A-4241-9D1B-688CA7502638}.Release|x86.ActiveCfg = Release|Win32
		{AFAC5BC1-380A-4241-9D1B-688CA7502638}.Release|x86.Build.0 = Release|Win32
		{E302DAC1-55A4-4A19-ADE0-5C63CD979021}.Debug|x64.ActiveCfg = Debug|x64
		{E302DAC1-55A4-4A19-ADE0-5C63CD979021}.Debug|x64.Build.0 = Debug|x64
		{E302DAC1-55A4-4A19-ADE0-5C63CD979021}.Debug|x86.ActiveCfg = Debug|Win32
		{E302DAC1-55A4-4A19-ADE0-5C63CD979021}.Debug|x86.Build.0 = Debug|Win32
		{E302DAC1-55A4-4A19-ADE0-5C63CD979021}.Release|x64.ActiveCfg = Release|x64
		{E302DAC1-55A4-4A19-ADE0-5C63CD979021}.Release|x64.Build.0 = Release|x64
		{E302DAC1-55A4-4A19-ADE0-5C63CD979021}.Release|x86.ActiveCfg = Release|Win32
		{E302DAC1-55A4-4A19-ADE0-5C63CD979021}.Release|x86.Build.0 = Release|Win32
		{6BE1C561-8419-46E4-9C0C-D41EFA056F99}.Debug|x64.ActiveCfg = Debug|x64
		{6BE1C561-8419-46E4-9C0C-D41EFA056F99}.Debug|x64.Build.0 = Debug|x64
		{6BE1C561-8419-46E4-9C0C-D41EFA056F99}.Debug|x86.ActiveCfg = Debug|Win32
		{6BE1C561-8419-46E4-9C0C-D41EFA056F99}.Debug|x86.Build.0 = Debug|Win32
		{6BE1C561-8419-46E4-9C0C-D41EFA056F99}.Release|x64.ActiveCfg = Release|x64
		{6BE1C561-8419-46E4-9C0C-D41EFA056F99}.Release|x64.Build.0 = Release|x64
		{6BE1C561-8419-46E4-9C0C-D41EFA056F99}.Release|x86.ActiveCfg = Release|Win32
		{6BE1C561-8419-46E4-9C0C-D41EFA056F99}.Release|x86.Build.0 = Release|Win32
		{930BA40E-58E5-4DA8-8604-A19303E64C41}.Debug|x64.ActiveCfg = Debug|x64
		{930BA40E-58E5-4DA8-8604-A19303E64C41}.Debug|x64.Build.0 = Debug|x64
		{930BA40E-58E5-4DA8-8604-A19303E64C41}.Debug|x86.ActiveCfg = Debug|Win32
		{930BA40E-58E5-4DA8-8604-A19303E64C41}.Debug|x86.Build.0 = Debug|Win32
		{930BA40E-58E5-4DA8-8604-A19303E64C41}.Release|x64.ActiveCfg = Release|x64
		{930BA40E-58E5-4DA8-8604-A19303E64C41}.Release|x64.Build.0 = Release|x64
		{930BA40E-58E5-4DA8-8604-A19303E64C41}.Release|x86.ActiveCfg = Release|Win32
		{930BA40E-58E5-4DA8-8604-A19303E64C41}.Release|x86.Build.0 = Release|Win32
	EndGlobalSection
	GlobalSection(SolutionProperties) = preSolution
		HideSolutionNode = FALSE
	EndGlobalSection
	GlobalSection(ExtensibilityGlobals) = postSolution
		SolutionGuid = {F8D523F9-9039-412F-967A-D9CCAFB27F87}
	EndGlobalSection
EndGlobal
