
Microsoft Visual Studio Solution File, Format Version 12.00
# Visual Studio Version 16
VisualStudioVersion = 16.0.30621.155
MinimumVisualStudioVersion = 10.0.40219.1
Project("{8BC9CEB8-8B4A-11D0-8D11-00A0C91BC942}") = "FactoryPattern", "FactoryPattern\FactoryPattern.vcxproj", "{832375CF-BEEF-4495-83B7-88166EC9F1C8}"
EndProject
Global
	GlobalSection(SolutionConfigurationPlatforms) = preSolution
		Debug|x64 = Debug|x64
		Debug|x86 = Debug|x86
		Release|x64 = Release|x64
		Release|x86 = Release|x86
	EndGlobalSection
	GlobalSection(ProjectConfigurationPlatforms) = postSolution
		{832375CF-BEEF-4495-83B7-88166EC9F1C8}.Debug|x64.ActiveCfg = Debug|x64
		{832375CF-BEEF-4495-83B7-88166EC9F1C8}.Debug|x64.Build.0 = Debug|x64
		{832375CF-BEEF-4495-83B7-88166EC9F1C8}.Debug|x86.ActiveCfg = Debug|Win32
		{832375CF-BEEF-4495-83B7-88166EC9F1C8}.Debug|x86.Build.0 = Debug|Win32
		{832375CF-BEEF-4495-83B7-88166EC9F1C8}.Release|x64.ActiveCfg = Release|x64
		{832375CF-BEEF-4495-83B7-88166EC9F1C8}.Release|x64.Build.0 = Release|x64
		{832375CF-BEEF-4495-83B7-88166EC9F1C8}.Release|x86.ActiveCfg = Release|Win32
		{832375CF-BEEF-4495-83B7-88166EC9F1C8}.Release|x86.Build.0 = Release|Win32
	EndGlobalSection
	GlobalSection(SolutionProperties) = preSolution
		HideSolutionNode = FALSE
	EndGlobalSection
	GlobalSection(ExtensibilityGlobals) = postSolution
		SolutionGuid = {F8D523F9-9039-412F-967A-D9CCAFB27F87}
	EndGlobalSection
EndGlobal
